
Microsoft Visual Studio Solution File, Format Version 12.00
# Visual Studio Version 16
VisualStudioVersion = 16.0.30104.148
MinimumVisualStudioVersion = 10.0.40219.1
Project("{FAE04EC0-301F-11D3-BF4B-00C04F79EFBC}") = "HelloWorld", "HelloWorld\HelloWorld.csproj", "{97A08E5F-8285-417A-90F0-0CD2235B2ADA}"
EndProject
Global
	GlobalSection(SolutionConfigurationPlatforms) = preSolution
		Debug|ARM = Debug|ARM
		Debug|ARM64 = Debug|ARM64
		Debug|x64 = Debug|x64
		Debug|x86 = Debug|x86
		Release|ARM = Release|ARM
		Release|ARM64 = Release|ARM64
		Release|x64 = Release|x64
		Release|x86 = Release|x86
	EndGlobalSection
	GlobalSection(ProjectConfigurationPlatforms) = postSolution
		{97A08E5F-8285-417A-90F0-0CD2235B2ADA}.Debug|ARM.ActiveCfg = Debug|ARM
		{97A08E5F-8285-417A-90F0-0CD2235B2ADA}.Debug|ARM.Build.0 = Debug|ARM
		{97A08E5F-8285-417A-90F0-0CD2235B2ADA}.Debug|ARM.Deploy.0 = Debug|ARM
		{97A08E5F-8285-417A-90F0-0CD2235B2ADA}.Debug|ARM64.ActiveCfg = Debug|ARM64
		{97A08E5F-8285-417A-90F0-0CD2235B2ADA}.Debug|ARM64.Build.0 = Debug|ARM64
		{97A08E5F-8285-417A-90F0-0CD2235B2ADA}.Debug|ARM64.Deploy.0 = Debug|ARM64
		{97A08E5F-8285-417A-90F0-0CD2235B2ADA}.Debug|x64.ActiveCfg = Debug|x64
		{97A08E5F-8285-417A-90F0-0CD2235B2ADA}.Debug|x64.Build.0 = Debug|x64
		{97A08E5F-8285-417A-90F0-0CD2235B2ADA}.Debug|x64.Deploy.0 = Debug|x64
		{97A08E5F-8285-417A-90F0-0CD2235B2ADA}.Debug|x86.ActiveCfg = Debug|x86
		{97A08E5F-8285-417A-90F0-0CD2235B2ADA}.Debug|x86.Build.0 = Debug|x86
		{97A08E5F-8285-417A-90F0-0CD2235B2ADA}.Debug|x86.Deploy.0 = Debug|x86
		{97A08E5F-8285-417A-90F0-0CD2235B2ADA}.Release|ARM.ActiveCfg = Release|ARM
		{97A08E5F-8285-417A-90F0-0CD2235B2ADA}.Release|ARM.Build.0 = Release|ARM
		{97A08E5F-8285-417A-90F0-0CD2235B2ADA}.Release|ARM.Deploy.0 = Release|ARM
		{97A08E5F-8285-417A-90F0-0CD2235B2ADA}.Release|ARM64.ActiveCfg = Release|ARM64
		{97A08E5F-8285-417A-90F0-0CD2235B2ADA}.Release|ARM64.Build.0 = Release|ARM64
		{97A08E5F-8285-417A-90F0-0CD2235B2ADA}.Release|ARM64.Deploy.0 = Release|ARM64
		{97A08E5F-8285-417A-90F0-0CD2235B2ADA}.Release|x64.ActiveCfg = Release|x64
		{97A08E5F-8285-417A-90F0-0CD2235B2ADA}.Release|x64.Build.0 = Release|x64
		{97A08E5F-8285-417A-90F0-0CD2235B2ADA}.Release|x64.Deploy.0 = Release|x64
		{97A08E5F-8285-417A-90F0-0CD2235B2ADA}.Release|x86.ActiveCfg = Release|x86
		{97A08E5F-8285-417A-90F0-0CD2235B2ADA}.Release|x86.Build.0 = Release|x86
		{97A08E5F-8285-417A-90F0-0CD2235B2ADA}.Release|x86.Deploy.0 = Release|x86
	EndGlobalSection
	GlobalSection(SolutionProperties) = preSolution
		HideSolutionNode = FALSE
	EndGlobalSection
	GlobalSection(ExtensibilityGlobals) = postSolution
		SolutionGuid = {35BB11CF-1FD3-4228-9918-87B103038478}
	EndGlobalSection
EndGlobal
